// !$*UTF8*$!
{
	archiveVersion = 1;
	classes = {
	};
	objectVersion = 45;
	objects = {

/* Begin PBXBuildFile section */
		357B77501139197300D012C8 /* libsimulator.a in Frameworks */ = {isa = PBXBuildFile; fileRef = 357B774D1139195E00D012C8 /* libsimulator.a */; };
		357B7766113919C700D012C8 /* SMContext.c in Sources */ = {isa = PBXBuildFile; fileRef = 357B7756113919BF00D012C8 /* SMContext.c */; };
		357B7767113919C700D012C8 /* SMError.c in Sources */ = {isa = PBXBuildFile; fileRef = 357B7758113919BF00D012C8 /* SMError.c */; };
		357B7768113919C700D012C8 /* SMKernelLoader.c in Sources */ = {isa = PBXBuildFile; fileRef = 357B775A113919BF00D012C8 /* SMKernelLoader.c */; };
		357B7769113919C700D012C8 /* SMOptions.c in Sources */ = {isa = PBXBuildFile; fileRef = 357B775C113919BF00D012C8 /* SMOptions.c */; };
		357B776A113919C700D012C8 /* SMProgram.c in Sources */ = {isa = PBXBuildFile; fileRef = 357B775E113919BF00D012C8 /* SMProgram.c */; };
		357B776B113919D500D012C8 /* SMContext.h in Headers */ = {isa = PBXBuildFile; fileRef = 357B7757113919BF00D012C8 /* SMContext.h */; };
		357B776C113919D500D012C8 /* SMError.h in Headers */ = {isa = PBXBuildFile; fileRef = 357B7759113919BF00D012C8 /* SMError.h */; };
		357B776D113919D500D012C8 /* SMKernelLoader.h in Headers */ = {isa = PBXBuildFile; fileRef = 357B775B113919BF00D012C8 /* SMKernelLoader.h */; };
		357B776E113919D500D012C8 /* SMOptions.h in Headers */ = {isa = PBXBuildFile; fileRef = 357B775D113919BF00D012C8 /* SMOptions.h */; };
		357B776F113919D500D012C8 /* SMProgram.h in Headers */ = {isa = PBXBuildFile; fileRef = 357B775F113919BF00D012C8 /* SMProgram.h */; };
		357B7770113919D500D012C8 /* SMSimulator.h in Headers */ = {isa = PBXBuildFile; fileRef = 357B7760113919BF00D012C8 /* SMSimulator.h */; };
		357B7771113919EE00D012C8 /* OpenCL.framework in Frameworks */ = {isa = PBXBuildFile; fileRef = 35A3BA061132F2D5008EA6D0 /* OpenCL.framework */; };
		35A3BA071132F2D5008EA6D0 /* OpenCL.framework in Frameworks */ = {isa = PBXBuildFile; fileRef = 35A3BA061132F2D5008EA6D0 /* OpenCL.framework */; };
		8DD76FAC0486AB0100D96B5E /* main.c in Sources */ = {isa = PBXBuildFile; fileRef = 08FB7796FE84155DC02AAC07 /* main.c */; settings = {ATTRIBUTES = (); }; };
/* End PBXBuildFile section */

/* Begin PBXContainerItemProxy section */
		357B777F11391A0900D012C8 /* PBXContainerItemProxy */ = {
			isa = PBXContainerItemProxy;
			containerPortal = 08FB7793FE84155DC02AAC07 /* Project object */;
			proxyType = 1;
			remoteGlobalIDString = 357B774C1139195E00D012C8 /* libsimulator */;
			remoteInfo = libsimulator;
		};
/* End PBXContainerItemProxy section */

/* Begin PBXCopyFilesBuildPhase section */
		8DD76FAF0486AB0100D96B5E /* CopyFiles */ = {
			isa = PBXCopyFilesBuildPhase;
			buildActionMask = 8;
			dstPath = /usr/share/man/man1/;
			dstSubfolderSpec = 0;
			files = (
			);
			runOnlyForDeploymentPostprocessing = 1;
		};
/* End PBXCopyFilesBuildPhase section */

/* Begin PBXFileReference section */
		08FB7796FE84155DC02AAC07 /* main.c */ = {isa = PBXFileReference; fileEncoding = 4; lastKnownFileType = sourcecode.c.c; path = main.c; sourceTree = "<group>"; };
		357B774D1139195E00D012C8 /* libsimulator.a */ = {isa = PBXFileReference; explicitFileType = archive.ar; includeInIndex = 0; path = libsimulator.a; sourceTree = BUILT_PRODUCTS_DIR; };
		357B7756113919BF00D012C8 /* SMContext.c */ = {isa = PBXFileReference; fileEncoding = 4; lastKnownFileType = sourcecode.c.c; name = SMContext.c; path = libsimulator/SMContext.c; sourceTree = "<group>"; };
		357B7757113919BF00D012C8 /* SMContext.h */ = {isa = PBXFileReference; fileEncoding = 4; lastKnownFileType = sourcecode.c.h; name = SMContext.h; path = libsimulator/SMContext.h; sourceTree = "<group>"; };
		357B7758113919BF00D012C8 /* SMError.c */ = {isa = PBXFileReference; fileEncoding = 4; lastKnownFileType = sourcecode.c.c; name = SMError.c; path = libsimulator/SMError.c; sourceTree = "<group>"; };
		357B7759113919BF00D012C8 /* SMError.h */ = {isa = PBXFileReference; fileEncoding = 4; lastKnownFileType = sourcecode.c.h; name = SMError.h; path = libsimulator/SMError.h; sourceTree = "<group>"; };
		357B775A113919BF00D012C8 /* SMKernelLoader.c */ = {isa = PBXFileReference; fileEncoding = 4; lastKnownFileType = sourcecode.c.c; name = SMKernelLoader.c; path = libsimulator/SMKernelLoader.c; sourceTree = "<group>"; };
		357B775B113919BF00D012C8 /* SMKernelLoader.h */ = {isa = PBXFileReference; fileEncoding = 4; lastKnownFileType = sourcecode.c.h; name = SMKernelLoader.h; path = libsimulator/SMKernelLoader.h; sourceTree = "<group>"; };
		357B775C113919BF00D012C8 /* SMOptions.c */ = {isa = PBXFileReference; fileEncoding = 4; lastKnownFileType = sourcecode.c.c; name = SMOptions.c; path = libsimulator/SMOptions.c; sourceTree = "<group>"; };
		357B775D113919BF00D012C8 /* SMOptions.h */ = {isa = PBXFileReference; fileEncoding = 4; lastKnownFileType = sourcecode.c.h; name = SMOptions.h; path = libsimulator/SMOptions.h; sourceTree = "<group>"; };
		357B775E113919BF00D012C8 /* SMProgram.c */ = {isa = PBXFileReference; fileEncoding = 4; lastKnownFileType = sourcecode.c.c; name = SMProgram.c; path = libsimulator/SMProgram.c; sourceTree = "<group>"; };
		357B775F113919BF00D012C8 /* SMProgram.h */ = {isa = PBXFileReference; fileEncoding = 4; lastKnownFileType = sourcecode.c.h; name = SMProgram.h; path = libsimulator/SMProgram.h; sourceTree = "<group>"; };
		357B7760113919BF00D012C8 /* SMSimulator.h */ = {isa = PBXFileReference; fileEncoding = 4; lastKnownFileType = sourcecode.c.h; name = SMSimulator.h; path = libsimulator/SMSimulator.h; sourceTree = "<group>"; };
		35A3BA061132F2D5008EA6D0 /* OpenCL.framework */ = {isa = PBXFileReference; lastKnownFileType = wrapper.framework; name = OpenCL.framework; path = System/Library/Frameworks/OpenCL.framework; sourceTree = SDKROOT; };
		8DD76FB20486AB0100D96B5E /* Simulator */ = {isa = PBXFileReference; explicitFileType = "compiled.mach-o.executable"; includeInIndex = 0; path = Simulator; sourceTree = BUILT_PRODUCTS_DIR; };
/* End PBXFileReference section */

/* Begin PBXFrameworksBuildPhase section */
		357B774B1139195E00D012C8 /* Frameworks */ = {
			isa = PBXFrameworksBuildPhase;
			buildActionMask = 2147483647;
			files = (
				357B7771113919EE00D012C8 /* OpenCL.framework in Frameworks */,
			);
			runOnlyForDeploymentPostprocessing = 0;
		};
		8DD76FAD0486AB0100D96B5E /* Frameworks */ = {
			isa = PBXFrameworksBuildPhase;
			buildActionMask = 2147483647;
			files = (
				357B77501139197300D012C8 /* libsimulator.a in Frameworks */,
				35A3BA071132F2D5008EA6D0 /* OpenCL.framework in Frameworks */,
			);
			runOnlyForDeploymentPostprocessing = 0;
		};
/* End PBXFrameworksBuildPhase section */

/* Begin PBXGroup section */
		08FB7794FE84155DC02AAC07 /* Simulator */ = {
			isa = PBXGroup;
			children = (
				357B77511139198500D012C8 /* libsimulator source  */,
				08FB7795FE84155DC02AAC07 /* Simulator source */,
				35A3BA051132F2CC008EA6D0 /* Frameworks */,
				1AB674ADFE9D54B511CA2CBB /* Products */,
			);
			name = Simulator;
			sourceTree = "<group>";
		};
		08FB7795FE84155DC02AAC07 /* Simulator source */ = {
			isa = PBXGroup;
			children = (
				08FB7796FE84155DC02AAC07 /* main.c */,
			);
			name = "Simulator source";
			sourceTree = "<group>";
		};
		1AB674ADFE9D54B511CA2CBB /* Products */ = {
			isa = PBXGroup;
			children = (
				8DD76FB20486AB0100D96B5E /* Simulator */,
				357B774D1139195E00D012C8 /* libsimulator.a */,
			);
			name = Products;
			sourceTree = "<group>";
		};
		357B77511139198500D012C8 /* libsimulator source  */ = {
			isa = PBXGroup;
			children = (
				357B7756113919BF00D012C8 /* SMContext.c */,
				357B7757113919BF00D012C8 /* SMContext.h */,
				357B7758113919BF00D012C8 /* SMError.c */,
				357B7759113919BF00D012C8 /* SMError.h */,
				357B775A113919BF00D012C8 /* SMKernelLoader.c */,
				357B775B113919BF00D012C8 /* SMKernelLoader.h */,
				357B775C113919BF00D012C8 /* SMOptions.c */,
				357B775D113919BF00D012C8 /* SMOptions.h */,
				357B775E113919BF00D012C8 /* SMProgram.c */,
				357B775F113919BF00D012C8 /* SMProgram.h */,
				357B7760113919BF00D012C8 /* SMSimulator.h */,
			);
			name = "libsimulator source ";
			sourceTree = "<group>";
		};
		35A3BA051132F2CC008EA6D0 /* Frameworks */ = {
			isa = PBXGroup;
			children = (
				35A3BA061132F2D5008EA6D0 /* OpenCL.framework */,
			);
			name = Frameworks;
			sourceTree = "<group>";
		};
/* End PBXGroup section */

/* Begin PBXHeadersBuildPhase section */
		357B77491139195E00D012C8 /* Headers */ = {
			isa = PBXHeadersBuildPhase;
			buildActionMask = 2147483647;
			files = (
				357B776B113919D500D012C8 /* SMContext.h in Headers */,
				357B776C113919D500D012C8 /* SMError.h in Headers */,
				357B776D113919D500D012C8 /* SMKernelLoader.h in Headers */,
				357B776E113919D500D012C8 /* SMOptions.h in Headers */,
				357B776F113919D500D012C8 /* SMProgram.h in Headers */,
				357B7770113919D500D012C8 /* SMSimulator.h in Headers */,
			);
			runOnlyForDeploymentPostprocessing = 0;
		};
/* End PBXHeadersBuildPhase section */

/* Begin PBXNativeTarget section */
		357B774C1139195E00D012C8 /* libsimulator */ = {
			isa = PBXNativeTarget;
			buildConfigurationList = 357B77521139198500D012C8 /* Build configuration list for PBXNativeTarget "libsimulator" */;
			buildPhases = (
				357B77491139195E00D012C8 /* Headers */,
				357B774A1139195E00D012C8 /* Sources */,
				357B774B1139195E00D012C8 /* Frameworks */,
			);
			buildRules = (
			);
			dependencies = (
			);
			name = libsimulator;
			productName = simulator;
			productReference = 357B774D1139195E00D012C8 /* libsimulator.a */;
			productType = "com.apple.product-type.library.static";
		};
		8DD76FA90486AB0100D96B5E /* Simulator */ = {
			isa = PBXNativeTarget;
			buildConfigurationList = 1DEB928508733DD80010E9CD /* Build configuration list for PBXNativeTarget "Simulator" */;
			buildPhases = (
				8DD76FAB0486AB0100D96B5E /* Sources */,
				8DD76FAD0486AB0100D96B5E /* Frameworks */,
				8DD76FAF0486AB0100D96B5E /* CopyFiles */,
			);
			buildRules = (
			);
			dependencies = (
				357B778011391A0900D012C8 /* PBXTargetDependency */,
			);
			name = Simulator;
			productInstallPath = "$(HOME)/bin";
			productName = Simulator;
			productReference = 8DD76FB20486AB0100D96B5E /* Simulator */;
			productType = "com.apple.product-type.tool";
		};
/* End PBXNativeTarget section */

/* Begin PBXProject section */
		08FB7793FE84155DC02AAC07 /* Project object */ = {
			isa = PBXProject;
			buildConfigurationList = 1DEB928908733DD80010E9CD /* Build configuration list for PBXProject "Simulator" */;
			compatibilityVersion = "Xcode 3.1";
			hasScannedForEncodings = 1;
			mainGroup = 08FB7794FE84155DC02AAC07 /* Simulator */;
			projectDirPath = "";
			projectRoot = "";
			targets = (
				8DD76FA90486AB0100D96B5E /* Simulator */,
				357B774C1139195E00D012C8 /* libsimulator */,
			);
		};
/* End PBXProject section */

/* Begin PBXSourcesBuildPhase section */
		357B774A1139195E00D012C8 /* Sources */ = {
			isa = PBXSourcesBuildPhase;
			buildActionMask = 2147483647;
			files = (
				357B7766113919C700D012C8 /* SMContext.c in Sources */,
				357B7767113919C700D012C8 /* SMError.c in Sources */,
				357B7768113919C700D012C8 /* SMKernelLoader.c in Sources */,
				357B7769113919C700D012C8 /* SMOptions.c in Sources */,
				357B776A113919C700D012C8 /* SMProgram.c in Sources */,
			);
			runOnlyForDeploymentPostprocessing = 0;
		};
		8DD76FAB0486AB0100D96B5E /* Sources */ = {
			isa = PBXSourcesBuildPhase;
			buildActionMask = 2147483647;
			files = (
				8DD76FAC0486AB0100D96B5E /* main.c in Sources */,
			);
			runOnlyForDeploymentPostprocessing = 0;
		};
/* End PBXSourcesBuildPhase section */

/* Begin PBXTargetDependency section */
		357B778011391A0900D012C8 /* PBXTargetDependency */ = {
			isa = PBXTargetDependency;
			target = 357B774C1139195E00D012C8 /* libsimulator */;
			targetProxy = 357B777F11391A0900D012C8 /* PBXContainerItemProxy */;
		};
/* End PBXTargetDependency section */

/* Begin XCBuildConfiguration section */
		1DEB928608733DD80010E9CD /* Debug */ = {
			isa = XCBuildConfiguration;
			buildSettings = {
				ALWAYS_SEARCH_USER_PATHS = NO;
				COPY_PHASE_STRIP = NO;
				GCC_DYNAMIC_NO_PIC = NO;
				GCC_ENABLE_FIX_AND_CONTINUE = YES;
				GCC_MODEL_TUNING = G5;
				GCC_OPTIMIZATION_LEVEL = 0;
				INSTALL_PATH = /usr/local/bin;
				LIBRARY_SEARCH_PATHS = (
					"$(inherited)",
					"\"$(SRCROOT)/build/Debug\"",
				);
				PRODUCT_NAME = Simulator;
			};
			name = Debug;
		};
		1DEB928708733DD80010E9CD /* Release */ = {
			isa = XCBuildConfiguration;
			buildSettings = {
				ALWAYS_SEARCH_USER_PATHS = NO;
				DEBUG_INFORMATION_FORMAT = "dwarf-with-dsym";
				GCC_MODEL_TUNING = G5;
				INSTALL_PATH = /usr/local/bin;
				LIBRARY_SEARCH_PATHS = (
					"$(inherited)",
					"\"$(SRCROOT)/build/Debug\"",
				);
				PRODUCT_NAME = Simulator;
			};
			name = Release;
		};
		1DEB928A08733DD80010E9CD /* Debug */ = {
			isa = XCBuildConfiguration;
			buildSettings = {
				ARCHS = "$(ARCHS_STANDARD_64_BIT)";
				GCC_C_LANGUAGE_STANDARD = gnu99;
				GCC_OPTIMIZATION_LEVEL = 0;
				GCC_TREAT_WARNINGS_AS_ERRORS = YES;
				GCC_WARN_ABOUT_MISSING_NEWLINE = YES;
				GCC_WARN_ABOUT_RETURN_TYPE = YES;
				GCC_WARN_CHECK_SWITCH_STATEMENTS = YES;
				GCC_WARN_PEDANTIC = NO;
				GCC_WARN_SIGN_COMPARE = YES;
				GCC_WARN_UNUSED_FUNCTION = YES;
				GCC_WARN_UNUSED_LABEL = YES;
				GCC_WARN_UNUSED_PARAMETER = NO;
				GCC_WARN_UNUSED_VALUE = NO;
				GCC_WARN_UNUSED_VARIABLE = YES;
				LIBRARY_SEARCH_PATHS = "libsimulator/**";
				ONLY_ACTIVE_ARCH = YES;
				PREBINDING = NO;
				RUN_CLANG_STATIC_ANALYZER = YES;
				SDKROOT = macosx10.6;
				USER_HEADER_SEARCH_PATHS = libsimulator;
				VALID_ARCHS = x86_64;
			};
			name = Debug;
		};
		1DEB928B08733DD80010E9CD /* Release */ = {
			isa = XCBuildConfiguration;
			buildSettings = {
				ARCHS = "$(ARCHS_STANDARD_64_BIT)";
				GCC_C_LANGUAGE_STANDARD = gnu99;
				GCC_TREAT_WARNINGS_AS_ERRORS = YES;
				GCC_WARN_ABOUT_MISSING_NEWLINE = YES;
				GCC_WARN_ABOUT_RETURN_TYPE = YES;
				GCC_WARN_CHECK_SWITCH_STATEMENTS = YES;
				GCC_WARN_PEDANTIC = NO;
				GCC_WARN_SIGN_COMPARE = YES;
				GCC_WARN_UNUSED_FUNCTION = YES;
				GCC_WARN_UNUSED_LABEL = YES;
				GCC_WARN_UNUSED_PARAMETER = NO;
				GCC_WARN_UNUSED_VALUE = NO;
				GCC_WARN_UNUSED_VARIABLE = YES;
				LIBRARY_SEARCH_PATHS = "libsimulator/**";
				ONLY_ACTIVE_ARCH = YES;
				PREBINDING = NO;
				RUN_CLANG_STATIC_ANALYZER = YES;
				SDKROOT = macosx10.6;
				USER_HEADER_SEARCH_PATHS = libsimulator;
				VALID_ARCHS = x86_64;
			};
			name = Release;
		};
		357B774E1139195F00D012C8 /* Debug */ = {
			isa = XCBuildConfiguration;
			buildSettings = {
				ALWAYS_SEARCH_USER_PATHS = NO;
				COPY_PHASE_STRIP = NO;
				GCC_DYNAMIC_NO_PIC = NO;
				GCC_ENABLE_FIX_AND_CONTINUE = YES;
				GCC_MODEL_TUNING = G5;
				GCC_OPTIMIZATION_LEVEL = 0;
				INSTALL_PATH = /usr/local/lib;
				PREBINDING = NO;
				PRODUCT_NAME = simulator;
			};
			name = Debug;
		};
		357B774F1139195F00D012C8 /* Release */ = {
			isa = XCBuildConfiguration;
			buildSettings = {
				ALWAYS_SEARCH_USER_PATHS = NO;
				COPY_PHASE_STRIP = YES;
				DEBUG_INFORMATION_FORMAT = "dwarf-with-dsym";
				GCC_ENABLE_FIX_AND_CONTINUE = NO;
				GCC_MODEL_TUNING = G5;
				INSTALL_PATH = /usr/local/lib;
				PREBINDING = NO;
				PRODUCT_NAME = simulator;
				ZERO_LINK = NO;
			};
			name = Release;
		};
/* End XCBuildConfiguration section */

/* Begin XCConfigurationList section */
		1DEB928508733DD80010E9CD /* Build configuration list for PBXNativeTarget "Simulator" */ = {
			isa = XCConfigurationList;
			buildConfigurations = (
				1DEB928608733DD80010E9CD /* Debug */,
				1DEB928708733DD80010E9CD /* Release */,
			);
			defaultConfigurationIsVisible = 0;
			defaultConfigurationName = Release;
		};
		1DEB928908733DD80010E9CD /* Build configuration list for PBXProject "Simulator" */ = {
			isa = XCConfigurationList;
			buildConfigurations = (
				1DEB928A08733DD80010E9CD /* Debug */,
				1DEB928B08733DD80010E9CD /* Release */,
			);
			defaultConfigurationIsVisible = 0;
			defaultConfigurationName = Release;
		};
		357B77521139198500D012C8 /* Build configuration list for PBXNativeTarget "libsimulator" */ = {
			isa = XCConfigurationList;
			buildConfigurations = (
				357B774E1139195F00D012C8 /* Debug */,
				357B774F1139195F00D012C8 /* Release */,
			);
			defaultConfigurationIsVisible = 0;
			defaultConfigurationName = Release;
		};
/* End XCConfigurationList section */
	};
	rootObject = 08FB7793FE84155DC02AAC07 /* Project object */;
}
