// !$*UTF8*$!
{
	archiveVersion = 1;
	classes = {
	};
	objectVersion = 42;
	objects = {

/* Begin PBXAggregateTarget section */
		356CCA0511391B8100220D13 /* Particles */ = {
			isa = PBXAggregateTarget;
			buildConfigurationList = 356CCA1011391BD300220D13 /* Build configuration list for PBXAggregateTarget "Particles" */;
			buildPhases = (
			);
			dependencies = (
				356CCA0911391B8700220D13 /* PBXTargetDependency */,
				356CCA0B11391B8700220D13 /* PBXTargetDependency */,
			);
			name = Particles;
			productName = Particles;
		};
/* End PBXAggregateTarget section */

/* Begin PBXContainerItemProxy section */
		356CC9F611391B4100220D13 /* PBXContainerItemProxy */ = {
			isa = PBXContainerItemProxy;
			containerPortal = 356CC9EF11391B4100220D13 /* Interpolator.xcodeproj */;
			proxyType = 2;
			remoteGlobalIDString = 8D1107320486CEB800E47090;
			remoteInfo = Interpolator;
		};
		356CCA0011391B4A00220D13 /* PBXContainerItemProxy */ = {
			isa = PBXContainerItemProxy;
			containerPortal = 356CC9F811391B4A00220D13 /* Simulator.xcodeproj */;
			proxyType = 2;
			remoteGlobalIDString = 8DD76FB20486AB0100D96B5E;
			remoteInfo = Simulator;
		};
		356CCA0211391B4A00220D13 /* PBXContainerItemProxy */ = {
			isa = PBXContainerItemProxy;
			containerPortal = 356CC9F811391B4A00220D13 /* Simulator.xcodeproj */;
			proxyType = 2;
			remoteGlobalIDString = 357B774D1139195E00D012C8;
			remoteInfo = libsimulator;
		};
		356CCA0811391B8700220D13 /* PBXContainerItemProxy */ = {
			isa = PBXContainerItemProxy;
			containerPortal = 356CC9EF11391B4100220D13 /* Interpolator.xcodeproj */;
			proxyType = 1;
			remoteGlobalIDString = 8D1107260486CEB800E47090;
			remoteInfo = Interpolator;
		};
		356CCA0A11391B8700220D13 /* PBXContainerItemProxy */ = {
			isa = PBXContainerItemProxy;
			containerPortal = 356CC9F811391B4A00220D13 /* Simulator.xcodeproj */;
			proxyType = 1;
			remoteGlobalIDString = 8DD76FA90486AB0100D96B5E;
			remoteInfo = Simulator;
		};
/* End PBXContainerItemProxy section */

/* Begin PBXFileReference section */
		356CC9EF11391B4100220D13 /* Interpolator.xcodeproj */ = {isa = PBXFileReference; lastKnownFileType = "wrapper.pb-project"; name = Interpolator.xcodeproj; path = Interpolator/Interpolator.xcodeproj; sourceTree = "<group>"; };
		356CC9F811391B4A00220D13 /* Simulator.xcodeproj */ = {isa = PBXFileReference; lastKnownFileType = "wrapper.pb-project"; name = Simulator.xcodeproj; path = Simulator/Simulator.xcodeproj; sourceTree = "<group>"; };
/* End PBXFileReference section */

/* Begin PBXGroup section */
		355EE69711391B1C00CB3DB7 = {
			isa = PBXGroup;
			children = (
				356CC9F811391B4A00220D13 /* Simulator.xcodeproj */,
				356CC9EF11391B4100220D13 /* Interpolator.xcodeproj */,
			);
			sourceTree = "<group>";
		};
		356CC9F011391B4100220D13 /* Products */ = {
			isa = PBXGroup;
			children = (
				356CC9F711391B4100220D13 /* Interpolator.app */,
			);
			name = Products;
			sourceTree = "<group>";
		};
		356CC9F911391B4A00220D13 /* Products */ = {
			isa = PBXGroup;
			children = (
				356CCA0111391B4A00220D13 /* Simulator */,
				356CCA0311391B4A00220D13 /* libsimulator.a */,
			);
			name = Products;
			sourceTree = "<group>";
		};
/* End PBXGroup section */

/* Begin PBXProject section */
		355EE69911391B1C00CB3DB7 /* Project object */ = {
			isa = PBXProject;
			buildConfigurationList = 355EE69C11391B1C00CB3DB7 /* Build configuration list for PBXProject "Particles" */;
			compatibilityVersion = "Xcode 2.4";
			hasScannedForEncodings = 0;
			mainGroup = 355EE69711391B1C00CB3DB7;
			projectDirPath = "";
			projectReferences = (
				{
					ProductGroup = 356CC9F011391B4100220D13 /* Products */;
					ProjectRef = 356CC9EF11391B4100220D13 /* Interpolator.xcodeproj */;
				},
				{
					ProductGroup = 356CC9F911391B4A00220D13 /* Products */;
					ProjectRef = 356CC9F811391B4A00220D13 /* Simulator.xcodeproj */;
				},
			);
			projectRoot = "";
			targets = (
				356CCA0511391B8100220D13 /* Particles */,
			);
		};
/* End PBXProject section */

/* Begin PBXReferenceProxy section */
		356CC9F711391B4100220D13 /* Interpolator.app */ = {
			isa = PBXReferenceProxy;
			fileType = wrapper.application;
			path = Interpolator.app;
			remoteRef = 356CC9F611391B4100220D13 /* PBXContainerItemProxy */;
			sourceTree = BUILT_PRODUCTS_DIR;
		};
		356CCA0111391B4A00220D13 /* Simulator */ = {
			isa = PBXReferenceProxy;
			fileType = "compiled.mach-o.executable";
			path = Simulator;
			remoteRef = 356CCA0011391B4A00220D13 /* PBXContainerItemProxy */;
			sourceTree = BUILT_PRODUCTS_DIR;
		};
		356CCA0311391B4A00220D13 /* libsimulator.a */ = {
			isa = PBXReferenceProxy;
			fileType = archive.ar;
			path = libsimulator.a;
			remoteRef = 356CCA0211391B4A00220D13 /* PBXContainerItemProxy */;
			sourceTree = BUILT_PRODUCTS_DIR;
		};
/* End PBXReferenceProxy section */

/* Begin PBXTargetDependency section */
		356CCA0911391B8700220D13 /* PBXTargetDependency */ = {
			isa = PBXTargetDependency;
			name = Interpolator;
			targetProxy = 356CCA0811391B8700220D13 /* PBXContainerItemProxy */;
		};
		356CCA0B11391B8700220D13 /* PBXTargetDependency */ = {
			isa = PBXTargetDependency;
			name = Simulator;
			targetProxy = 356CCA0A11391B8700220D13 /* PBXContainerItemProxy */;
		};
/* End PBXTargetDependency section */

/* Begin XCBuildConfiguration section */
		355EE69A11391B1C00CB3DB7 /* Debug */ = {
			isa = XCBuildConfiguration;
			buildSettings = {
				ARCHS = "$(ARCHS_STANDARD_64_BIT_PRE_XCODE_3_1)";
				ARCHS_STANDARD_64_BIT_PRE_XCODE_3_1 = x86_64;
				COPY_PHASE_STRIP = NO;
				VALID_ARCHS = x86_64;
			};
			name = Debug;
		};
		355EE69B11391B1C00CB3DB7 /* Release */ = {
			isa = XCBuildConfiguration;
			buildSettings = {
				ARCHS = "$(ARCHS_STANDARD_64_BIT_PRE_XCODE_3_1)";
				ARCHS_STANDARD_64_BIT_PRE_XCODE_3_1 = x86_64;
				COPY_PHASE_STRIP = YES;
				VALID_ARCHS = x86_64;
			};
			name = Release;
		};
		356CCA0611391B8100220D13 /* Debug */ = {
			isa = XCBuildConfiguration;
			buildSettings = {
				ARCHS = "$(ARCHS_STANDARD_64_BIT_PRE_XCODE_3_1)";
				ARCHS_STANDARD_64_BIT_PRE_XCODE_3_1 = x86_64;
				COPY_PHASE_STRIP = NO;
				GCC_DYNAMIC_NO_PIC = NO;
				GCC_OPTIMIZATION_LEVEL = 0;
				PRODUCT_NAME = Particles;
				VALID_ARCHS = x86_64;
			};
			name = Debug;
		};
		356CCA0711391B8100220D13 /* Release */ = {
			isa = XCBuildConfiguration;
			buildSettings = {
				ARCHS = "$(ARCHS_STANDARD_64_BIT_PRE_XCODE_3_1)";
				ARCHS_STANDARD_64_BIT_PRE_XCODE_3_1 = x86_64;
				COPY_PHASE_STRIP = YES;
				DEBUG_INFORMATION_FORMAT = "dwarf-with-dsym";
				GCC_ENABLE_FIX_AND_CONTINUE = NO;
				PRODUCT_NAME = Particles;
				VALID_ARCHS = x86_64;
				ZERO_LINK = NO;
			};
			name = Release;
		};
/* End XCBuildConfiguration section */

/* Begin XCConfigurationList section */
		355EE69C11391B1C00CB3DB7 /* Build configuration list for PBXProject "Particles" */ = {
			isa = XCConfigurationList;
			buildConfigurations = (
				355EE69A11391B1C00CB3DB7 /* Debug */,
				355EE69B11391B1C00CB3DB7 /* Release */,
			);
			defaultConfigurationIsVisible = 0;
			defaultConfigurationName = Debug;
		};
		356CCA1011391BD300220D13 /* Build configuration list for PBXAggregateTarget "Particles" */ = {
			isa = XCConfigurationList;
			buildConfigurations = (
				356CCA0611391B8100220D13 /* Debug */,
				356CCA0711391B8100220D13 /* Release */,
			);
			defaultConfigurationIsVisible = 0;
			defaultConfigurationName = Debug;
		};
/* End XCConfigurationList section */
	};
	rootObject = 355EE69911391B1C00CB3DB7 /* Project object */;
}
